
Microsoft Visual Studio Solution File, Format Version 12.00
# Visual Studio Version 17
VisualStudioVersion = 17.14.36717.8 d17.14
MinimumVisualStudioVersion = 10.0.40219.1
Project("{FAE04EC0-301F-11D3-BF4B-00C04F79EFBC}") = "GeneralFilterForACAD", "GeneralFilterForACAD.csproj", "{72F402B3-065E-4C83-AB41-4DA7A3857F0C}"
EndProject
Global
	GlobalSection(SolutionConfigurationPlatforms) = preSolution
		Debug|Any CPU = Debug|Any CPU
		Release|Any CPU = Release|Any CPU
	EndGlobalSection
	GlobalSection(ProjectConfigurationPlatforms) = postSolution
		{72F402B3-065E-4C83-AB41-4DA7A3857F0C}.Debug|Any CPU.ActiveCfg = Debug|Any CPU
		{72F402B3-065E-4C83-AB41-4DA7A3857F0C}.Debug|Any CPU.Build.0 = Debug|Any CPU
		{72F402B3-065E-4C83-AB41-4DA7A3857F0C}.Release|Any CPU.ActiveCfg = Release|Any CPU
		{72F402B3-065E-4C83-AB41-4DA7A3857F0C}.Release|Any CPU.Build.0 = Release|Any CPU
	EndGlobalSection
	GlobalSection(SolutionProperties) = preSolution
		HideSolutionNode = FALSE
	EndGlobalSection
	GlobalSection(ExtensibilityGlobals) = postSolution
		SolutionGuid = {D58B9460-06FB-43E4-AE9A-8254285A2E77}
	EndGlobalSection
EndGlobal
